
Microsoft Visual Studio Solution File, Format Version 12.00
Project("{FAE04EC0-301F-11D3-BF4B-00C04F79EFBC}") = "Linq_home", "Linq_home\Linq_home.csproj", "{7056127B-ACC8-4372-8A36-AE635062A846}"
EndProject
Global
	GlobalSection(SolutionConfigurationPlatforms) = preSolution
		Debug|Any CPU = Debug|Any CPU
		Release|Any CPU = Release|Any CPU
	EndGlobalSection
	GlobalSection(ProjectConfigurationPlatforms) = postSolution
		{7056127B-ACC8-4372-8A36-AE635062A846}.Debug|Any CPU.ActiveCfg = Debug|Any CPU
		{7056127B-ACC8-4372-8A36-AE635062A846}.Debug|Any CPU.Build.0 = Debug|Any CPU
		{7056127B-ACC8-4372-8A36-AE635062A846}.Release|Any CPU.ActiveCfg = Release|Any CPU
		{7056127B-ACC8-4372-8A36-AE635062A846}.Release|Any CPU.Build.0 = Release|Any CPU
	EndGlobalSection
EndGlobal
